
Microsoft Visual Studio Solution File, Format Version 12.00
# Visual Studio Version 17
VisualStudioVersion = 17.14.36603.0 d17.14
MinimumVisualStudioVersion = 10.0.40219.1
Project("{FAE04EC0-301F-11D3-BF4B-00C04F79EFBC}") = "PracticingCSharp", "PracticingCSharp.csproj", "{0CFE8D1F-095B-4BC3-A71B-7EBDFF73EB6D}"
EndProject
Global
	GlobalSection(SolutionConfigurationPlatforms) = preSolution
		Debug|Any CPU = Debug|Any CPU
		Release|Any CPU = Release|Any CPU
	EndGlobalSection
	GlobalSection(ProjectConfigurationPlatforms) = postSolution
		{0CFE8D1F-095B-4BC3-A71B-7EBDFF73EB6D}.Debug|Any CPU.ActiveCfg = Debug|Any CPU
		{0CFE8D1F-095B-4BC3-A71B-7EBDFF73EB6D}.Debug|Any CPU.Build.0 = Debug|Any CPU
		{0CFE8D1F-095B-4BC3-A71B-7EBDFF73EB6D}.Release|Any CPU.ActiveCfg = Release|Any CPU
		{0CFE8D1F-095B-4BC3-A71B-7EBDFF73EB6D}.Release|Any CPU.Build.0 = Release|Any CPU
	EndGlobalSection
	GlobalSection(SolutionProperties) = preSolution
		HideSolutionNode = FALSE
	EndGlobalSection
	GlobalSection(ExtensibilityGlobals) = postSolution
		SolutionGuid = {A53A189D-C197-484D-B228-F1D570C19480}
	EndGlobalSection
EndGlobal
